
Microsoft Visual Studio Solution File, Format Version 11.00
# Visual Studio 2010
Project("{F2A71F9B-5D33-465A-A702-920D77279786}") = "ch24_2006", "ch24_2006\ch24_2006.fsproj", "{2097D8F4-EB5A-47DC-8BF8-F5BDA12F5D66}"
EndProject
Project("{F2A71F9B-5D33-465A-A702-920D77279786}") = "Utilities", "Utilities\Utilities.fsproj", "{FE0A3A42-B587-441B-A1D7-18390019B6EB}"
EndProject
Global
	GlobalSection(SolutionConfigurationPlatforms) = preSolution
		Debug|Any CPU = Debug|Any CPU
		Debug|Mixed Platforms = Debug|Mixed Platforms
		Debug|x86 = Debug|x86
		Release|Any CPU = Release|Any CPU
		Release|Mixed Platforms = Release|Mixed Platforms
		Release|x86 = Release|x86
	EndGlobalSection
	GlobalSection(ProjectConfigurationPlatforms) = postSolution
		{2097D8F4-EB5A-47DC-8BF8-F5BDA12F5D66}.Debug|Any CPU.ActiveCfg = Debug|x86
		{2097D8F4-EB5A-47DC-8BF8-F5BDA12F5D66}.Debug|Mixed Platforms.ActiveCfg = Debug|x86
		{2097D8F4-EB5A-47DC-8BF8-F5BDA12F5D66}.Debug|Mixed Platforms.Build.0 = Debug|x86
		{2097D8F4-EB5A-47DC-8BF8-F5BDA12F5D66}.Debug|x86.ActiveCfg = Debug|x86
		{2097D8F4-EB5A-47DC-8BF8-F5BDA12F5D66}.Debug|x86.Build.0 = Debug|x86
		{2097D8F4-EB5A-47DC-8BF8-F5BDA12F5D66}.Release|Any CPU.ActiveCfg = Release|x86
		{2097D8F4-EB5A-47DC-8BF8-F5BDA12F5D66}.Release|Mixed Platforms.ActiveCfg = Release|x86
		{2097D8F4-EB5A-47DC-8BF8-F5BDA12F5D66}.Release|Mixed Platforms.Build.0 = Release|x86
		{2097D8F4-EB5A-47DC-8BF8-F5BDA12F5D66}.Release|x86.ActiveCfg = Release|x86
		{2097D8F4-EB5A-47DC-8BF8-F5BDA12F5D66}.Release|x86.Build.0 = Release|x86
		{FE0A3A42-B587-441B-A1D7-18390019B6EB}.Debug|Any CPU.ActiveCfg = Debug|Any CPU
		{FE0A3A42-B587-441B-A1D7-18390019B6EB}.Debug|Any CPU.Build.0 = Debug|Any CPU
		{FE0A3A42-B587-441B-A1D7-18390019B6EB}.Debug|Mixed Platforms.ActiveCfg = Debug|Any CPU
		{FE0A3A42-B587-441B-A1D7-18390019B6EB}.Debug|Mixed Platforms.Build.0 = Debug|Any CPU
		{FE0A3A42-B587-441B-A1D7-18390019B6EB}.Debug|x86.ActiveCfg = Debug|Any CPU
		{FE0A3A42-B587-441B-A1D7-18390019B6EB}.Release|Any CPU.ActiveCfg = Release|Any CPU
		{FE0A3A42-B587-441B-A1D7-18390019B6EB}.Release|Any CPU.Build.0 = Release|Any CPU
		{FE0A3A42-B587-441B-A1D7-18390019B6EB}.Release|Mixed Platforms.ActiveCfg = Release|Any CPU
		{FE0A3A42-B587-441B-A1D7-18390019B6EB}.Release|Mixed Platforms.Build.0 = Release|Any CPU
		{FE0A3A42-B587-441B-A1D7-18390019B6EB}.Release|x86.ActiveCfg = Release|Any CPU
	EndGlobalSection
	GlobalSection(SolutionProperties) = preSolution
		HideSolutionNode = FALSE
	EndGlobalSection
EndGlobal
